
Microsoft Visual Studio Solution File, Format Version 12.00
# Visual Studio Version 17
VisualStudioVersion = 17.13.35806.99 d17.13
MinimumVisualStudioVersion = 10.0.40219.1
Project("{FAE04EC0-301F-11D3-BF4B-00C04F79EFBC}") = "Arrays-Bidimencionales", "Arrays-Bidimencionales.csproj", "{B567D9E1-7339-443D-B6A7-B7BFEBD1068B}"
EndProject
Global
	GlobalSection(SolutionConfigurationPlatforms) = preSolution
		Debug|Any CPU = Debug|Any CPU
		Release|Any CPU = Release|Any CPU
	EndGlobalSection
	GlobalSection(ProjectConfigurationPlatforms) = postSolution
		{B567D9E1-7339-443D-B6A7-B7BFEBD1068B}.Debug|Any CPU.ActiveCfg = Debug|Any CPU
		{B567D9E1-7339-443D-B6A7-B7BFEBD1068B}.Debug|Any CPU.Build.0 = Debug|Any CPU
		{B567D9E1-7339-443D-B6A7-B7BFEBD1068B}.Release|Any CPU.ActiveCfg = Release|Any CPU
		{B567D9E1-7339-443D-B6A7-B7BFEBD1068B}.Release|Any CPU.Build.0 = Release|Any CPU
	EndGlobalSection
	GlobalSection(SolutionProperties) = preSolution
		HideSolutionNode = FALSE
	EndGlobalSection
	GlobalSection(ExtensibilityGlobals) = postSolution
		SolutionGuid = {8BAD0BF3-02A0-4203-81EF-7EBEB7BDDE3F}
	EndGlobalSection
EndGlobal
