
Microsoft Visual Studio Solution File, Format Version 12.00
# Visual Studio Version 17
VisualStudioVersion = 17.12.35728.132 d17.12
MinimumVisualStudioVersion = 10.0.40219.1
Project("{FAE04EC0-301F-11D3-BF4B-00C04F79EFBC}") = "30-Arreglos-como-parametros", "30-Arreglos-como-parametros.csproj", "{05A839DB-7D8B-4D81-A7A4-96D8B8EFF42F}"
EndProject
Global
	GlobalSection(SolutionConfigurationPlatforms) = preSolution
		Debug|Any CPU = Debug|Any CPU
		Release|Any CPU = Release|Any CPU
	EndGlobalSection
	GlobalSection(ProjectConfigurationPlatforms) = postSolution
		{05A839DB-7D8B-4D81-A7A4-96D8B8EFF42F}.Debug|Any CPU.ActiveCfg = Debug|Any CPU
		{05A839DB-7D8B-4D81-A7A4-96D8B8EFF42F}.Debug|Any CPU.Build.0 = Debug|Any CPU
		{05A839DB-7D8B-4D81-A7A4-96D8B8EFF42F}.Release|Any CPU.ActiveCfg = Release|Any CPU
		{05A839DB-7D8B-4D81-A7A4-96D8B8EFF42F}.Release|Any CPU.Build.0 = Release|Any CPU
	EndGlobalSection
	GlobalSection(SolutionProperties) = preSolution
		HideSolutionNode = FALSE
	EndGlobalSection
EndGlobal
